
Microsoft Visual Studio Solution File, Format Version 12.00
# Visual Studio Version 16
VisualStudioVersion = 16.0.30907.101
MinimumVisualStudioVersion = 10.0.40219.1
Project("{FAE04EC0-301F-11D3-BF4B-00C04F79EFBC}") = "RegistrationForm", "RegistrationForm\RegistrationForm.csproj", "{534142CC-DAD4-4073-86D5-6C0DB183F56F}"
EndProject
Global
	GlobalSection(SolutionConfigurationPlatforms) = preSolution
		Debug|Any CPU = Debug|Any CPU
		Release|Any CPU = Release|Any CPU
	EndGlobalSection
	GlobalSection(ProjectConfigurationPlatforms) = postSolution
		{534142CC-DAD4-4073-86D5-6C0DB183F56F}.Debug|Any CPU.ActiveCfg = Debug|Any CPU
		{534142CC-DAD4-4073-86D5-6C0DB183F56F}.Debug|Any CPU.Build.0 = Debug|Any CPU
		{534142CC-DAD4-4073-86D5-6C0DB183F56F}.Release|Any CPU.ActiveCfg = Release|Any CPU
		{534142CC-DAD4-4073-86D5-6C0DB183F56F}.Release|Any CPU.Build.0 = Release|Any CPU
	EndGlobalSection
	GlobalSection(SolutionProperties) = preSolution
		HideSolutionNode = FALSE
	EndGlobalSection
	GlobalSection(ExtensibilityGlobals) = postSolution
		SolutionGuid = {B42F490D-1B25-4968-B556-007CD918DEEF}
	EndGlobalSection
EndGlobal
